// !$*UTF8*$!
{
	archiveVersion = 1;
	classes = {
	};
	objectVersion = 55;
	objects = {

/* Begin PBXBuildFile section */
		2754FC5B2725CA7C004DBD20 /* CuriosityViewCell.swift in Sources */ = {isa = PBXBuildFile; fileRef = 2754FC5A2725CA7C004DBD20 /* CuriosityViewCell.swift */; };
		277BD2CF272AB27B00F63642 /* PhotosModel.swift in Sources */ = {isa = PBXBuildFile; fileRef = 277BD2CE272AB27B00F63642 /* PhotosModel.swift */; };
		277BD2D1272AB2A700F63642 /* Webservice.swift in Sources */ = {isa = PBXBuildFile; fileRef = 277BD2D0272AB2A700F63642 /* Webservice.swift */; };
		277BD2D3272ADF3E00F63642 /* OpportunityViewCell.swift in Sources */ = {isa = PBXBuildFile; fileRef = 277BD2D2272ADF3E00F63642 /* OpportunityViewCell.swift */; };
		277BD2D5272ADF4F00F63642 /* SpiritViewCell.swift in Sources */ = {isa = PBXBuildFile; fileRef = 277BD2D4272ADF4F00F63642 /* SpiritViewCell.swift */; };
		27A40AEB27246DDF006BD357 /* AppDelegate.swift in Sources */ = {isa = PBXBuildFile; fileRef = 27A40AEA27246DDF006BD357 /* AppDelegate.swift */; };
		27A40AED27246DDF006BD357 /* SceneDelegate.swift in Sources */ = {isa = PBXBuildFile; fileRef = 27A40AEC27246DDF006BD357 /* SceneDelegate.swift */; };
		27A40AEF27246DDF006BD357 /* CuriosityVC.swift in Sources */ = {isa = PBXBuildFile; fileRef = 27A40AEE27246DDF006BD357 /* CuriosityVC.swift */; };
		27A40AF227246DDF006BD357 /* Main.storyboard in Resources */ = {isa = PBXBuildFile; fileRef = 27A40AF027246DDF006BD357 /* Main.storyboard */; };
		27A40AF427246DE2006BD357 /* Assets.xcassets in Resources */ = {isa = PBXBuildFile; fileRef = 27A40AF327246DE2006BD357 /* Assets.xcassets */; };
		27A40AF727246DE2006BD357 /* LaunchScreen.storyboard in Resources */ = {isa = PBXBuildFile; fileRef = 27A40AF527246DE2006BD357 /* LaunchScreen.storyboard */; };
		27A40B0227246DE2006BD357 /* NasaPhotosApiProjectTests.swift in Sources */ = {isa = PBXBuildFile; fileRef = 27A40B0127246DE2006BD357 /* NasaPhotosApiProjectTests.swift */; };
		27A40B0C27246DE2006BD357 /* NasaPhotosApiProjectUITests.swift in Sources */ = {isa = PBXBuildFile; fileRef = 27A40B0B27246DE2006BD357 /* NasaPhotosApiProjectUITests.swift */; };
		27A40B0E27246DE2006BD357 /* NasaPhotosApiProjectUITestsLaunchTests.swift in Sources */ = {isa = PBXBuildFile; fileRef = 27A40B0D27246DE2006BD357 /* NasaPhotosApiProjectUITestsLaunchTests.swift */; };
		27CE9A0627283FC4002ED43D /* OpportunityVC.swift in Sources */ = {isa = PBXBuildFile; fileRef = 27CE9A0527283FC4002ED43D /* OpportunityVC.swift */; };
		27CE9A0827283FD7002ED43D /* SpiritVC.swift in Sources */ = {isa = PBXBuildFile; fileRef = 27CE9A0727283FD7002ED43D /* SpiritVC.swift */; };
		27CE9A0A272842D6002ED43D /* DetailVC.swift in Sources */ = {isa = PBXBuildFile; fileRef = 27CE9A09272842D6002ED43D /* DetailVC.swift */; };
/* End PBXBuildFile section */

/* Begin PBXContainerItemProxy section */
		27A40AFE27246DE2006BD357 /* PBXContainerItemProxy */ = {
			isa = PBXContainerItemProxy;
			containerPortal = 27A40ADF27246DDF006BD357 /* Project object */;
			proxyType = 1;
			remoteGlobalIDString = 27A40AE627246DDF006BD357;
			remoteInfo = NasaPhotosApiProject;
		};
		27A40B0827246DE2006BD357 /* PBXContainerItemProxy */ = {
			isa = PBXContainerItemProxy;
			containerPortal = 27A40ADF27246DDF006BD357 /* Project object */;
			proxyType = 1;
			remoteGlobalIDString = 27A40AE627246DDF006BD357;
			remoteInfo = NasaPhotosApiProject;
		};
/* End PBXContainerItemProxy section */

/* Begin PBXFileReference section */
		2754FC5A2725CA7C004DBD20 /* CuriosityViewCell.swift */ = {isa = PBXFileReference; lastKnownFileType = sourcecode.swift; path = CuriosityViewCell.swift; sourceTree = "<group>"; };
		277BD2CE272AB27B00F63642 /* PhotosModel.swift */ = {isa = PBXFileReference; lastKnownFileType = sourcecode.swift; path = PhotosModel.swift; sourceTree = "<group>"; };
		277BD2D0272AB2A700F63642 /* Webservice.swift */ = {isa = PBXFileReference; lastKnownFileType = sourcecode.swift; path = Webservice.swift; sourceTree = "<group>"; };
		277BD2D2272ADF3E00F63642 /* OpportunityViewCell.swift */ = {isa = PBXFileReference; lastKnownFileType = sourcecode.swift; path = OpportunityViewCell.swift; sourceTree = "<group>"; };
		277BD2D4272ADF4F00F63642 /* SpiritViewCell.swift */ = {isa = PBXFileReference; lastKnownFileType = sourcecode.swift; path = SpiritViewCell.swift; sourceTree = "<group>"; };
		27A40AE727246DDF006BD357 /* NasaPhotosApiProject.app */ = {isa = PBXFileReference; explicitFileType = wrapper.application; includeInIndex = 0; path = NasaPhotosApiProject.app; sourceTree = BUILT_PRODUCTS_DIR; };
		27A40AEA27246DDF006BD357 /* AppDelegate.swift */ = {isa = PBXFileReference; lastKnownFileType = sourcecode.swift; path = AppDelegate.swift; sourceTree = "<group>"; };
		27A40AEC27246DDF006BD357 /* SceneDelegate.swift */ = {isa = PBXFileReference; lastKnownFileType = sourcecode.swift; path = SceneDelegate.swift; sourceTree = "<group>"; };
		27A40AEE27246DDF006BD357 /* CuriosityVC.swift */ = {isa = PBXFileReference; lastKnownFileType = sourcecode.swift; path = CuriosityVC.swift; sourceTree = "<group>"; };
		27A40AF127246DDF006BD357 /* Base */ = {isa = PBXFileReference; lastKnownFileType = file.storyboard; name = Base; path = Base.lproj/Main.storyboard; sourceTree = "<group>"; };
		27A40AF327246DE2006BD357 /* Assets.xcassets */ = {isa = PBXFileReference; lastKnownFileType = folder.assetcatalog; path = Assets.xcassets; sourceTree = "<group>"; };
		27A40AF627246DE2006BD357 /* Base */ = {isa = PBXFileReference; lastKnownFileType = file.storyboard; name = Base; path = Base.lproj/LaunchScreen.storyboard; sourceTree = "<group>"; };
		27A40AF827246DE2006BD357 /* Info.plist */ = {isa = PBXFileReference; lastKnownFileType = text.plist.xml; path = Info.plist; sourceTree = "<group>"; };
		27A40AFD27246DE2006BD357 /* NasaPhotosApiProjectTests.xctest */ = {isa = PBXFileReference; explicitFileType = wrapper.cfbundle; includeInIndex = 0; path = NasaPhotosApiProjectTests.xctest; sourceTree = BUILT_PRODUCTS_DIR; };
		27A40B0127246DE2006BD357 /* NasaPhotosApiProjectTests.swift */ = {isa = PBXFileReference; lastKnownFileType = sourcecode.swift; path = NasaPhotosApiProjectTests.swift; sourceTree = "<group>"; };
		27A40B0727246DE2006BD357 /* NasaPhotosApiProjectUITests.xctest */ = {isa = PBXFileReference; explicitFileType = wrapper.cfbundle; includeInIndex = 0; path = NasaPhotosApiProjectUITests.xctest; sourceTree = BUILT_PRODUCTS_DIR; };
		27A40B0B27246DE2006BD357 /* NasaPhotosApiProjectUITests.swift */ = {isa = PBXFileReference; lastKnownFileType = sourcecode.swift; path = NasaPhotosApiProjectUITests.swift; sourceTree = "<group>"; };
		27A40B0D27246DE2006BD357 /* NasaPhotosApiProjectUITestsLaunchTests.swift */ = {isa = PBXFileReference; lastKnownFileType = sourcecode.swift; path = NasaPhotosApiProjectUITestsLaunchTests.swift; sourceTree = "<group>"; };
		27CE9A0527283FC4002ED43D /* OpportunityVC.swift */ = {isa = PBXFileReference; lastKnownFileType = sourcecode.swift; path = OpportunityVC.swift; sourceTree = "<group>"; };
		27CE9A0727283FD7002ED43D /* SpiritVC.swift */ = {isa = PBXFileReference; lastKnownFileType = sourcecode.swift; path = SpiritVC.swift; sourceTree = "<group>"; };
		27CE9A09272842D6002ED43D /* DetailVC.swift */ = {isa = PBXFileReference; lastKnownFileType = sourcecode.swift; path = DetailVC.swift; sourceTree = "<group>"; };
/* End PBXFileReference section */

/* Begin PBXFrameworksBuildPhase section */
		27A40AE427246DDF006BD357 /* Frameworks */ = {
			isa = PBXFrameworksBuildPhase;
			buildActionMask = 2147483647;
			files = (
			);
			runOnlyForDeploymentPostprocessing = 0;
		};
		27A40AFA27246DE2006BD357 /* Frameworks */ = {
			isa = PBXFrameworksBuildPhase;
			buildActionMask = 2147483647;
			files = (
			);
			runOnlyForDeploymentPostprocessing = 0;
		};
		27A40B0427246DE2006BD357 /* Frameworks */ = {
			isa = PBXFrameworksBuildPhase;
			buildActionMask = 2147483647;
			files = (
			);
			runOnlyForDeploymentPostprocessing = 0;
		};
/* End PBXFrameworksBuildPhase section */

/* Begin PBXGroup section */
		2792254927246E170080B0D0 /* View */ = {
			isa = PBXGroup;
			children = (
				27A40AF027246DDF006BD357 /* Main.storyboard */,
				27A40AF527246DE2006BD357 /* LaunchScreen.storyboard */,
			);
			path = View;
			sourceTree = "<group>";
		};
		2792254B27246E330080B0D0 /* Model */ = {
			isa = PBXGroup;
			children = (
				277BD2CE272AB27B00F63642 /* PhotosModel.swift */,
			);
			path = Model;
			sourceTree = "<group>";
		};
		2792254C27246E390080B0D0 /* Delegate */ = {
			isa = PBXGroup;
			children = (
				27A40AEA27246DDF006BD357 /* AppDelegate.swift */,
				27A40AEC27246DDF006BD357 /* SceneDelegate.swift */,
			);
			path = Delegate;
			sourceTree = "<group>";
		};
		2792254D27246E440080B0D0 /* Webservice */ = {
			isa = PBXGroup;
			children = (
				277BD2D0272AB2A700F63642 /* Webservice.swift */,
			);
			path = Webservice;
			sourceTree = "<group>";
		};
		2792254E27246E4D0080B0D0 /* ViewController */ = {
			isa = PBXGroup;
			children = (
				27A40AEE27246DDF006BD357 /* CuriosityVC.swift */,
				27CE9A0527283FC4002ED43D /* OpportunityVC.swift */,
				27CE9A0727283FD7002ED43D /* SpiritVC.swift */,
				27CE9A09272842D6002ED43D /* DetailVC.swift */,
			);
			path = ViewController;
			sourceTree = "<group>";
		};
		27A2784A272AFFA6006D4D66 /* ViewCell */ = {
			isa = PBXGroup;
			children = (
				2754FC5A2725CA7C004DBD20 /* CuriosityViewCell.swift */,
				277BD2D2272ADF3E00F63642 /* OpportunityViewCell.swift */,
				277BD2D4272ADF4F00F63642 /* SpiritViewCell.swift */,
			);
			path = ViewCell;
			sourceTree = "<group>";
		};
		27A40ADE27246DDF006BD357 = {
			isa = PBXGroup;
			children = (
				27A40AE927246DDF006BD357 /* NasaPhotosApiProject */,
				27A40B0027246DE2006BD357 /* NasaPhotosApiProjectTests */,
				27A40B0A27246DE2006BD357 /* NasaPhotosApiProjectUITests */,
				27A40AE827246DDF006BD357 /* Products */,
			);
			sourceTree = "<group>";
		};
		27A40AE827246DDF006BD357 /* Products */ = {
			isa = PBXGroup;
			children = (
				27A40AE727246DDF006BD357 /* NasaPhotosApiProject.app */,
				27A40AFD27246DE2006BD357 /* NasaPhotosApiProjectTests.xctest */,
				27A40B0727246DE2006BD357 /* NasaPhotosApiProjectUITests.xctest */,
			);
			name = Products;
			sourceTree = "<group>";
		};
		27A40AE927246DDF006BD357 /* NasaPhotosApiProject */ = {
			isa = PBXGroup;
			children = (
				2792254C27246E390080B0D0 /* Delegate */,
				27A2784A272AFFA6006D4D66 /* ViewCell */,
				2792254E27246E4D0080B0D0 /* ViewController */,
				2792254D27246E440080B0D0 /* Webservice */,
				2792254B27246E330080B0D0 /* Model */,
				2792254927246E170080B0D0 /* View */,
				27A40AF327246DE2006BD357 /* Assets.xcassets */,
				27A40AF827246DE2006BD357 /* Info.plist */,
			);
			path = NasaPhotosApiProject;
			sourceTree = "<group>";
		};
		27A40B0027246DE2006BD357 /* NasaPhotosApiProjectTests */ = {
			isa = PBXGroup;
			children = (
				27A40B0127246DE2006BD357 /* NasaPhotosApiProjectTests.swift */,
			);
			path = NasaPhotosApiProjectTests;
			sourceTree = "<group>";
		};
		27A40B0A27246DE2006BD357 /* NasaPhotosApiProjectUITests */ = {
			isa = PBXGroup;
			children = (
				27A40B0B27246DE2006BD357 /* NasaPhotosApiProjectUITests.swift */,
				27A40B0D27246DE2006BD357 /* NasaPhotosApiProjectUITestsLaunchTests.swift */,
			);
			path = NasaPhotosApiProjectUITests;
			sourceTree = "<group>";
		};
/* End PBXGroup section */

/* Begin PBXNativeTarget section */
		27A40AE627246DDF006BD357 /* NasaPhotosApiProject */ = {
			isa = PBXNativeTarget;
			buildConfigurationList = 27A40B1127246DE2006BD357 /* Build configuration list for PBXNativeTarget "NasaPhotosApiProject" */;
			buildPhases = (
				27A40AE327246DDF006BD357 /* Sources */,
				27A40AE427246DDF006BD357 /* Frameworks */,
				27A40AE527246DDF006BD357 /* Resources */,
			);
			buildRules = (
			);
			dependencies = (
			);
			name = NasaPhotosApiProject;
			productName = NasaPhotosApiProject;
			productReference = 27A40AE727246DDF006BD357 /* NasaPhotosApiProject.app */;
			productType = "com.apple.product-type.application";
		};
		27A40AFC27246DE2006BD357 /* NasaPhotosApiProjectTests */ = {
			isa = PBXNativeTarget;
			buildConfigurationList = 27A40B1427246DE2006BD357 /* Build configuration list for PBXNativeTarget "NasaPhotosApiProjectTests" */;
			buildPhases = (
				27A40AF927246DE2006BD357 /* Sources */,
				27A40AFA27246DE2006BD357 /* Frameworks */,
				27A40AFB27246DE2006BD357 /* Resources */,
			);
			buildRules = (
			);
			dependencies = (
				27A40AFF27246DE2006BD357 /* PBXTargetDependency */,
			);
			name = NasaPhotosApiProjectTests;
			productName = NasaPhotosApiProjectTests;
			productReference = 27A40AFD27246DE2006BD357 /* NasaPhotosApiProjectTests.xctest */;
			productType = "com.apple.product-type.bundle.unit-test";
		};
		27A40B0627246DE2006BD357 /* NasaPhotosApiProjectUITests */ = {
			isa = PBXNativeTarget;
			buildConfigurationList = 27A40B1727246DE2006BD357 /* Build configuration list for PBXNativeTarget "NasaPhotosApiProjectUITests" */;
			buildPhases = (
				27A40B0327246DE2006BD357 /* Sources */,
				27A40B0427246DE2006BD357 /* Frameworks */,
				27A40B0527246DE2006BD357 /* Resources */,
			);
			buildRules = (
			);
			dependencies = (
				27A40B0927246DE2006BD357 /* PBXTargetDependency */,
			);
			name = NasaPhotosApiProjectUITests;
			productName = NasaPhotosApiProjectUITests;
			productReference = 27A40B0727246DE2006BD357 /* NasaPhotosApiProjectUITests.xctest */;
			productType = "com.apple.product-type.bundle.ui-testing";
		};
/* End PBXNativeTarget section */

/* Begin PBXProject section */
		27A40ADF27246DDF006BD357 /* Project object */ = {
			isa = PBXProject;
			attributes = {
				BuildIndependentTargetsInParallel = 1;
				LastSwiftUpdateCheck = 1300;
				LastUpgradeCheck = 1300;
				TargetAttributes = {
					27A40AE627246DDF006BD357 = {
						CreatedOnToolsVersion = 13.0;
					};
					27A40AFC27246DE2006BD357 = {
						CreatedOnToolsVersion = 13.0;
						TestTargetID = 27A40AE627246DDF006BD357;
					};
					27A40B0627246DE2006BD357 = {
						CreatedOnToolsVersion = 13.0;
						TestTargetID = 27A40AE627246DDF006BD357;
					};
				};
			};
			buildConfigurationList = 27A40AE227246DDF006BD357 /* Build configuration list for PBXProject "NasaPhotosApiProject" */;
			compatibilityVersion = "Xcode 13.0";
			developmentRegion = en;
			hasScannedForEncodings = 0;
			knownRegions = (
				en,
				Base,
			);
			mainGroup = 27A40ADE27246DDF006BD357;
			productRefGroup = 27A40AE827246DDF006BD357 /* Products */;
			projectDirPath = "";
			projectRoot = "";
			targets = (
				27A40AE627246DDF006BD357 /* NasaPhotosApiProject */,
				27A40AFC27246DE2006BD357 /* NasaPhotosApiProjectTests */,
				27A40B0627246DE2006BD357 /* NasaPhotosApiProjectUITests */,
			);
		};
/* End PBXProject section */

/* Begin PBXResourcesBuildPhase section */
		27A40AE527246DDF006BD357 /* Resources */ = {
			isa = PBXResourcesBuildPhase;
			buildActionMask = 2147483647;
			files = (
				27A40AF727246DE2006BD357 /* LaunchScreen.storyboard in Resources */,
				27A40AF427246DE2006BD357 /* Assets.xcassets in Resources */,
				27A40AF227246DDF006BD357 /* Main.storyboard in Resources */,
			);
			runOnlyForDeploymentPostprocessing = 0;
		};
		27A40AFB27246DE2006BD357 /* Resources */ = {
			isa = PBXResourcesBuildPhase;
			buildActionMask = 2147483647;
			files = (
			);
			runOnlyForDeploymentPostprocessing = 0;
		};
		27A40B0527246DE2006BD357 /* Resources */ = {
			isa = PBXResourcesBuildPhase;
			buildActionMask = 2147483647;
			files = (
			);
			runOnlyForDeploymentPostprocessing = 0;
		};
/* End PBXResourcesBuildPhase section */

/* Begin PBXSourcesBuildPhase section */
		27A40AE327246DDF006BD357 /* Sources */ = {
			isa = PBXSourcesBuildPhase;
			buildActionMask = 2147483647;
			files = (
				27A40AEF27246DDF006BD357 /* CuriosityVC.swift in Sources */,
				27A40AEB27246DDF006BD357 /* AppDelegate.swift in Sources */,
				277BD2CF272AB27B00F63642 /* PhotosModel.swift in Sources */,
				2754FC5B2725CA7C004DBD20 /* CuriosityViewCell.swift in Sources */,
				27CE9A0627283FC4002ED43D /* OpportunityVC.swift in Sources */,
				27A40AED27246DDF006BD357 /* SceneDelegate.swift in Sources */,
				27CE9A0827283FD7002ED43D /* SpiritVC.swift in Sources */,
				27CE9A0A272842D6002ED43D /* DetailVC.swift in Sources */,
				277BD2D3272ADF3E00F63642 /* OpportunityViewCell.swift in Sources */,
				277BD2D1272AB2A700F63642 /* Webservice.swift in Sources */,
				277BD2D5272ADF4F00F63642 /* SpiritViewCell.swift in Sources */,
			);
			runOnlyForDeploymentPostprocessing = 0;
		};
		27A40AF927246DE2006BD357 /* Sources */ = {
			isa = PBXSourcesBuildPhase;
			buildActionMask = 2147483647;
			files = (
				27A40B0227246DE2006BD357 /* NasaPhotosApiProjectTests.swift in Sources */,
			);
			runOnlyForDeploymentPostprocessing = 0;
		};
		27A40B0327246DE2006BD357 /* Sources */ = {
			isa = PBXSourcesBuildPhase;
			buildActionMask = 2147483647;
			files = (
				27A40B0C27246DE2006BD357 /* NasaPhotosApiProjectUITests.swift in Sources */,
				27A40B0E27246DE2006BD357 /* NasaPhotosApiProjectUITestsLaunchTests.swift in Sources */,
			);
			runOnlyForDeploymentPostprocessing = 0;
		};
/* End PBXSourcesBuildPhase section */

/* Begin PBXTargetDependency section */
		27A40AFF27246DE2006BD357 /* PBXTargetDependency */ = {
			isa = PBXTargetDependency;
			target = 27A40AE627246DDF006BD357 /* NasaPhotosApiProject */;
			targetProxy = 27A40AFE27246DE2006BD357 /* PBXContainerItemProxy */;
		};
		27A40B0927246DE2006BD357 /* PBXTargetDependency */ = {
			isa = PBXTargetDependency;
			target = 27A40AE627246DDF006BD357 /* NasaPhotosApiProject */;
			targetProxy = 27A40B0827246DE2006BD357 /* PBXContainerItemProxy */;
		};
/* End PBXTargetDependency section */

/* Begin PBXVariantGroup section */
		27A40AF027246DDF006BD357 /* Main.storyboard */ = {
			isa = PBXVariantGroup;
			children = (
				27A40AF127246DDF006BD357 /* Base */,
			);
			name = Main.storyboard;
			sourceTree = "<group>";
		};
		27A40AF527246DE2006BD357 /* LaunchScreen.storyboard */ = {
			isa = PBXVariantGroup;
			children = (
				27A40AF627246DE2006BD357 /* Base */,
			);
			name = LaunchScreen.storyboard;
			sourceTree = "<group>";
		};
/* End PBXVariantGroup section */

/* Begin XCBuildConfiguration section */
		27A40B0F27246DE2006BD357 /* Debug */ = {
			isa = XCBuildConfiguration;
			buildSettings = {
				ALWAYS_SEARCH_USER_PATHS = NO;
				CLANG_ANALYZER_NONNULL = YES;
				CLANG_ANALYZER_NUMBER_OBJECT_CONVERSION = YES_AGGRESSIVE;
				CLANG_CXX_LANGUAGE_STANDARD = "gnu++17";
				CLANG_CXX_LIBRARY = "libc++";
				CLANG_ENABLE_MODULES = YES;
				CLANG_ENABLE_OBJC_ARC = YES;
				CLANG_ENABLE_OBJC_WEAK = YES;
				CLANG_WARN_BLOCK_CAPTURE_AUTORELEASING = YES;
				CLANG_WARN_BOOL_CONVERSION = YES;
				CLANG_WARN_COMMA = YES;
				CLANG_WARN_CONSTANT_CONVERSION = YES;
				CLANG_WARN_DEPRECATED_OBJC_IMPLEMENTATIONS = YES;
				CLANG_WARN_DIRECT_OBJC_ISA_USAGE = YES_ERROR;
				CLANG_WARN_DOCUMENTATION_COMMENTS = YES;
				CLANG_WARN_EMPTY_BODY = YES;
				CLANG_WARN_ENUM_CONVERSION = YES;
				CLANG_WARN_INFINITE_RECURSION = YES;
				CLANG_WARN_INT_CONVERSION = YES;
				CLANG_WARN_NON_LITERAL_NULL_CONVERSION = YES;
				CLANG_WARN_OBJC_IMPLICIT_RETAIN_SELF = YES;
				CLANG_WARN_OBJC_LITERAL_CONVERSION = YES;
				CLANG_WARN_OBJC_ROOT_CLASS = YES_ERROR;
				CLANG_WARN_QUOTED_INCLUDE_IN_FRAMEWORK_HEADER = YES;
				CLANG_WARN_RANGE_LOOP_ANALYSIS = YES;
				CLANG_WARN_STRICT_PROTOTYPES = YES;
				CLANG_WARN_SUSPICIOUS_MOVE = YES;
				CLANG_WARN_UNGUARDED_AVAILABILITY = YES_AGGRESSIVE;
				CLANG_WARN_UNREACHABLE_CODE = YES;
				CLANG_WARN__DUPLICATE_METHOD_MATCH = YES;
				COPY_PHASE_STRIP = NO;
				DEBUG_INFORMATION_FORMAT = dwarf;
				ENABLE_STRICT_OBJC_MSGSEND = YES;
				ENABLE_TESTABILITY = YES;
				GCC_C_LANGUAGE_STANDARD = gnu11;
				GCC_DYNAMIC_NO_PIC = NO;
				GCC_NO_COMMON_BLOCKS = YES;
				GCC_OPTIMIZATION_LEVEL = 0;
				GCC_PREPROCESSOR_DEFINITIONS = (
					"DEBUG=1",
					"$(inherited)",
				);
				GCC_WARN_64_TO_32_BIT_CONVERSION = YES;
				GCC_WARN_ABOUT_RETURN_TYPE = YES_ERROR;
				GCC_WARN_UNDECLARED_SELECTOR = YES;
				GCC_WARN_UNINITIALIZED_AUTOS = YES_AGGRESSIVE;
				GCC_WARN_UNUSED_FUNCTION = YES;
				GCC_WARN_UNUSED_VARIABLE = YES;
				IPHONEOS_DEPLOYMENT_TARGET = 15.0;
				MTL_ENABLE_DEBUG_INFO = INCLUDE_SOURCE;
				MTL_FAST_MATH = YES;
				ONLY_ACTIVE_ARCH = YES;
				SDKROOT = iphoneos;
				SWIFT_ACTIVE_COMPILATION_CONDITIONS = DEBUG;
				SWIFT_OPTIMIZATION_LEVEL = "-Onone";
			};
			name = Debug;
		};
		27A40B1027246DE2006BD357 /* Release */ = {
			isa = XCBuildConfiguration;
			buildSettings = {
				ALWAYS_SEARCH_USER_PATHS = NO;
				CLANG_ANALYZER_NONNULL = YES;
				CLANG_ANALYZER_NUMBER_OBJECT_CONVERSION = YES_AGGRESSIVE;
				CLANG_CXX_LANGUAGE_STANDARD = "gnu++17";
				CLANG_CXX_LIBRARY = "libc++";
				CLANG_ENABLE_MODULES = YES;
				CLANG_ENABLE_OBJC_ARC = YES;
				CLANG_ENABLE_OBJC_WEAK = YES;
				CLANG_WARN_BLOCK_CAPTURE_AUTORELEASING = YES;
				CLANG_WARN_BOOL_CONVERSION = YES;
				CLANG_WARN_COMMA = YES;
				CLANG_WARN_CONSTANT_CONVERSION = YES;
				CLANG_WARN_DEPRECATED_OBJC_IMPLEMENTATIONS = YES;
				CLANG_WARN_DIRECT_OBJC_ISA_USAGE = YES_ERROR;
				CLANG_WARN_DOCUMENTATION_COMMENTS = YES;
				CLANG_WARN_EMPTY_BODY = YES;
				CLANG_WARN_ENUM_CONVERSION = YES;
				CLANG_WARN_INFINITE_RECURSION = YES;
				CLANG_WARN_INT_CONVERSION = YES;
				CLANG_WARN_NON_LITERAL_NULL_CONVERSION = YES;
				CLANG_WARN_OBJC_IMPLICIT_RETAIN_SELF = YES;
				CLANG_WARN_OBJC_LITERAL_CONVERSION = YES;
				CLANG_WARN_OBJC_ROOT_CLASS = YES_ERROR;
				CLANG_WARN_QUOTED_INCLUDE_IN_FRAMEWORK_HEADER = YES;
				CLANG_WARN_RANGE_LOOP_ANALYSIS = YES;
				CLANG_WARN_STRICT_PROTOTYPES = YES;
				CLANG_WARN_SUSPICIOUS_MOVE = YES;
				CLANG_WARN_UNGUARDED_AVAILABILITY = YES_AGGRESSIVE;
				CLANG_WARN_UNREACHABLE_CODE = YES;
				CLANG_WARN__DUPLICATE_METHOD_MATCH = YES;
				COPY_PHASE_STRIP = NO;
				DEBUG_INFORMATION_FORMAT = "dwarf-with-dsym";
				ENABLE_NS_ASSERTIONS = NO;
				ENABLE_STRICT_OBJC_MSGSEND = YES;
				GCC_C_LANGUAGE_STANDARD = gnu11;
				GCC_NO_COMMON_BLOCKS = YES;
				GCC_WARN_64_TO_32_BIT_CONVERSION = YES;
				GCC_WARN_ABOUT_RETURN_TYPE = YES_ERROR;
				GCC_WARN_UNDECLARED_SELECTOR = YES;
				GCC_WARN_UNINITIALIZED_AUTOS = YES_AGGRESSIVE;
				GCC_WARN_UNUSED_FUNCTION = YES;
				GCC_WARN_UNUSED_VARIABLE = YES;
				IPHONEOS_DEPLOYMENT_TARGET = 15.0;
				MTL_ENABLE_DEBUG_INFO = NO;
				MTL_FAST_MATH = YES;
				SDKROOT = iphoneos;
				SWIFT_COMPILATION_MODE = wholemodule;
				SWIFT_OPTIMIZATION_LEVEL = "-O";
				VALIDATE_PRODUCT = YES;
			};
			name = Release;
		};
		27A40B1227246DE2006BD357 /* Debug */ = {
			isa = XCBuildConfiguration;
			buildSettings = {
				ASSETCATALOG_COMPILER_APPICON_NAME = AppIcon;
				ASSETCATALOG_COMPILER_GLOBAL_ACCENT_COLOR_NAME = AccentColor;
				CODE_SIGN_STYLE = Automatic;
				CURRENT_PROJECT_VERSION = 1;
				GENERATE_INFOPLIST_FILE = YES;
				INFOPLIST_FILE = NasaPhotosApiProject/Info.plist;
				INFOPLIST_KEY_UIApplicationSupportsIndirectInputEvents = YES;
				INFOPLIST_KEY_UILaunchStoryboardName = LaunchScreen;
				INFOPLIST_KEY_UIMainStoryboardFile = Main;
				INFOPLIST_KEY_UISupportedInterfaceOrientations_iPad = "UIInterfaceOrientationPortrait UIInterfaceOrientationPortraitUpsideDown UIInterfaceOrientationLandscapeLeft UIInterfaceOrientationLandscapeRight";
				INFOPLIST_KEY_UISupportedInterfaceOrientations_iPhone = "UIInterfaceOrientationPortrait UIInterfaceOrientationLandscapeLeft UIInterfaceOrientationLandscapeRight";
				LD_RUNPATH_SEARCH_PATHS = (
					"$(inherited)",
					"@executable_path/Frameworks",
				);
				MARKETING_VERSION = 1.0;
				PRODUCT_BUNDLE_IDENTIFIER = com.YILDIRIMBEY.NasaPhotosApiProject;
				PRODUCT_NAME = "$(TARGET_NAME)";
				SWIFT_EMIT_LOC_STRINGS = YES;
				SWIFT_VERSION = 5.0;
				TARGETED_DEVICE_FAMILY = "1,2";
			};
			name = Debug;
		};
		27A40B1327246DE2006BD357 /* Release */ = {
			isa = XCBuildConfiguration;
			buildSettings = {
				ASSETCATALOG_COMPILER_APPICON_NAME = AppIcon;
				ASSETCATALOG_COMPILER_GLOBAL_ACCENT_COLOR_NAME = AccentColor;
				CODE_SIGN_STYLE = Automatic;
				CURRENT_PROJECT_VERSION = 1;
				GENERATE_INFOPLIST_FILE = YES;
				INFOPLIST_FILE = NasaPhotosApiProject/Info.plist;
				INFOPLIST_KEY_UIApplicationSupportsIndirectInputEvents = YES;
				INFOPLIST_KEY_UILaunchStoryboardName = LaunchScreen;
				INFOPLIST_KEY_UIMainStoryboardFile = Main;
				INFOPLIST_KEY_UISupportedInterfaceOrientations_iPad = "UIInterfaceOrientationPortrait UIInterfaceOrientationPortraitUpsideDown UIInterfaceOrientationLandscapeLeft UIInterfaceOrientationLandscapeRight";
				INFOPLIST_KEY_UISupportedInterfaceOrientations_iPhone = "UIInterfaceOrientationPortrait UIInterfaceOrientationLandscapeLeft UIInterfaceOrientationLandscapeRight";
				LD_RUNPATH_SEARCH_PATHS = (
					"$(inherited)",
					"@executable_path/Frameworks",
				);
				MARKETING_VERSION = 1.0;
				PRODUCT_BUNDLE_IDENTIFIER = com.YILDIRIMBEY.NasaPhotosApiProject;
				PRODUCT_NAME = "$(TARGET_NAME)";
				SWIFT_EMIT_LOC_STRINGS = YES;
				SWIFT_VERSION = 5.0;
				TARGETED_DEVICE_FAMILY = "1,2";
			};
			name = Release;
		};
		27A40B1527246DE2006BD357 /* Debug */ = {
			isa = XCBuildConfiguration;
			buildSettings = {
				ALWAYS_EMBED_SWIFT_STANDARD_LIBRARIES = YES;
				BUNDLE_LOADER = "$(TEST_HOST)";
				CODE_SIGN_STYLE = Automatic;
				CURRENT_PROJECT_VERSION = 1;
				GENERATE_INFOPLIST_FILE = YES;
				IPHONEOS_DEPLOYMENT_TARGET = 15.0;
				LD_RUNPATH_SEARCH_PATHS = (
					"$(inherited)",
					"@executable_path/Frameworks",
					"@loader_path/Frameworks",
				);
				MARKETING_VERSION = 1.0;
				PRODUCT_BUNDLE_IDENTIFIER = com.YILDIRIMBEY.NasaPhotosApiProjectTests;
				PRODUCT_NAME = "$(TARGET_NAME)";
				SWIFT_EMIT_LOC_STRINGS = NO;
				SWIFT_VERSION = 5.0;
				TARGETED_DEVICE_FAMILY = "1,2";
				TEST_HOST = "$(BUILT_PRODUCTS_DIR)/NasaPhotosApiProject.app/NasaPhotosApiProject";
			};
			name = Debug;
		};
		27A40B1627246DE2006BD357 /* Release */ = {
			isa = XCBuildConfiguration;
			buildSettings = {
				ALWAYS_EMBED_SWIFT_STANDARD_LIBRARIES = YES;
				BUNDLE_LOADER = "$(TEST_HOST)";
				CODE_SIGN_STYLE = Automatic;
				CURRENT_PROJECT_VERSION = 1;
				GENERATE_INFOPLIST_FILE = YES;
				IPHONEOS_DEPLOYMENT_TARGET = 15.0;
				LD_RUNPATH_SEARCH_PATHS = (
					"$(inherited)",
					"@executable_path/Frameworks",
					"@loader_path/Frameworks",
				);
				MARKETING_VERSION = 1.0;
				PRODUCT_BUNDLE_IDENTIFIER = com.YILDIRIMBEY.NasaPhotosApiProjectTests;
				PRODUCT_NAME = "$(TARGET_NAME)";
				SWIFT_EMIT_LOC_STRINGS = NO;
				SWIFT_VERSION = 5.0;
				TARGETED_DEVICE_FAMILY = "1,2";
				TEST_HOST = "$(BUILT_PRODUCTS_DIR)/NasaPhotosApiProject.app/NasaPhotosApiProject";
			};
			name = Release;
		};
		27A40B1827246DE2006BD357 /* Debug */ = {
			isa = XCBuildConfiguration;
			buildSettings = {
				ALWAYS_EMBED_SWIFT_STANDARD_LIBRARIES = YES;
				CODE_SIGN_STYLE = Automatic;
				CURRENT_PROJECT_VERSION = 1;
				GENERATE_INFOPLIST_FILE = YES;
				LD_RUNPATH_SEARCH_PATHS = (
					"$(inherited)",
					"@executable_path/Frameworks",
					"@loader_path/Frameworks",
				);
				MARKETING_VERSION = 1.0;
				PRODUCT_BUNDLE_IDENTIFIER = com.YILDIRIMBEY.NasaPhotosApiProjectUITests;
				PRODUCT_NAME = "$(TARGET_NAME)";
				SWIFT_EMIT_LOC_STRINGS = NO;
				SWIFT_VERSION = 5.0;
				TARGETED_DEVICE_FAMILY = "1,2";
				TEST_TARGET_NAME = NasaPhotosApiProject;
			};
			name = Debug;
		};
		27A40B1927246DE2006BD357 /* Release */ = {
			isa = XCBuildConfiguration;
			buildSettings = {
				ALWAYS_EMBED_SWIFT_STANDARD_LIBRARIES = YES;
				CODE_SIGN_STYLE = Automatic;
				CURRENT_PROJECT_VERSION = 1;
				GENERATE_INFOPLIST_FILE = YES;
				LD_RUNPATH_SEARCH_PATHS = (
					"$(inherited)",
					"@executable_path/Frameworks",
					"@loader_path/Frameworks",
				);
				MARKETING_VERSION = 1.0;
				PRODUCT_BUNDLE_IDENTIFIER = com.YILDIRIMBEY.NasaPhotosApiProjectUITests;
				PRODUCT_NAME = "$(TARGET_NAME)";
				SWIFT_EMIT_LOC_STRINGS = NO;
				SWIFT_VERSION = 5.0;
				TARGETED_DEVICE_FAMILY = "1,2";
				TEST_TARGET_NAME = NasaPhotosApiProject;
			};
			name = Release;
		};
/* End XCBuildConfiguration section */

/* Begin XCConfigurationList section */
		27A40AE227246DDF006BD357 /* Build configuration list for PBXProject "NasaPhotosApiProject" */ = {
			isa = XCConfigurationList;
			buildConfigurations = (
				27A40B0F27246DE2006BD357 /* Debug */,
				27A40B1027246DE2006BD357 /* Release */,
			);
			defaultConfigurationIsVisible = 0;
			defaultConfigurationName = Release;
		};
		27A40B1127246DE2006BD357 /* Build configuration list for PBXNativeTarget "NasaPhotosApiProject" */ = {
			isa = XCConfigurationList;
			buildConfigurations = (
				27A40B1227246DE2006BD357 /* Debug */,
				27A40B1327246DE2006BD357 /* Release */,
			);
			defaultConfigurationIsVisible = 0;
			defaultConfigurationName = Release;
		};
		27A40B1427246DE2006BD357 /* Build configuration list for PBXNativeTarget "NasaPhotosApiProjectTests" */ = {
			isa = XCConfigurationList;
			buildConfigurations = (
				27A40B1527246DE2006BD357 /* Debug */,
				27A40B1627246DE2006BD357 /* Release */,
			);
			defaultConfigurationIsVisible = 0;
			defaultConfigurationName = Release;
		};
		27A40B1727246DE2006BD357 /* Build configuration list for PBXNativeTarget "NasaPhotosApiProjectUITests" */ = {
			isa = XCConfigurationList;
			buildConfigurations = (
				27A40B1827246DE2006BD357 /* Debug */,
				27A40B1927246DE2006BD357 /* Release */,
			);
			defaultConfigurationIsVisible = 0;
			defaultConfigurationName = Release;
		};
/* End XCConfigurationList section */
	};
	rootObject = 27A40ADF27246DDF006BD357 /* Project object */;
}
